// !$*UTF8*$!
{
	archiveVersion = 1;
	classes = {
	};
	objectVersion = 46;
	objects = {

/* Begin PBXBuildFile section */
		1B4F4FF71CA8D622008210FF /* main.cpp in Sources */ = {isa = PBXBuildFile; fileRef = 1B4F4FF61CA8D622008210FF /* main.cpp */; };
		1B4F4FFF1CA8D63A008210FF /* ListNode.cpp in Sources */ = {isa = PBXBuildFile; fileRef = 1B4F4FFD1CA8D63A008210FF /* ListNode.cpp */; };
		1B4F50021CA8D748008210FF /* Sort.cpp in Sources */ = {isa = PBXBuildFile; fileRef = 1B4F50001CA8D748008210FF /* Sort.cpp */; };
		1B9183271CBB795100D7CF16 /* Stack.cpp in Sources */ = {isa = PBXBuildFile; fileRef = 1B9183251CBB795100D7CF16 /* Stack.cpp */; };
		1BE230D01CAA273A000FDC66 /* Util.cpp in Sources */ = {isa = PBXBuildFile; fileRef = 1BE230CE1CAA273A000FDC66 /* Util.cpp */; };
		AB8D0D621D1C293500BF02A9 /* TreeNode.cpp in Sources */ = {isa = PBXBuildFile; fileRef = AB8D0D601D1C293500BF02A9 /* TreeNode.cpp */; };
/* End PBXBuildFile section */

/* Begin PBXCopyFilesBuildPhase section */
		1B4F4FF11CA8D621008210FF /* CopyFiles */ = {
			isa = PBXCopyFilesBuildPhase;
			buildActionMask = 2147483647;
			dstPath = /usr/share/man/man1/;
			dstSubfolderSpec = 0;
			files = (
			);
			runOnlyForDeploymentPostprocessing = 1;
		};
/* End PBXCopyFilesBuildPhase section */

/* Begin PBXFileReference section */
		1B4F4FF31CA8D621008210FF /* DataStructureLearn */ = {isa = PBXFileReference; explicitFileType = "compiled.mach-o.executable"; includeInIndex = 0; path = DataStructureLearn; sourceTree = BUILT_PRODUCTS_DIR; };
		1B4F4FF61CA8D622008210FF /* main.cpp */ = {isa = PBXFileReference; lastKnownFileType = sourcecode.cpp.cpp; path = main.cpp; sourceTree = "<group>"; };
		1B4F4FFD1CA8D63A008210FF /* ListNode.cpp */ = {isa = PBXFileReference; fileEncoding = 4; lastKnownFileType = sourcecode.cpp.cpp; path = ListNode.cpp; sourceTree = "<group>"; };
		1B4F4FFE1CA8D63A008210FF /* ListNode.hpp */ = {isa = PBXFileReference; fileEncoding = 4; lastKnownFileType = sourcecode.cpp.h; path = ListNode.hpp; sourceTree = "<group>"; };
		1B4F50001CA8D748008210FF /* Sort.cpp */ = {isa = PBXFileReference; fileEncoding = 4; lastKnownFileType = sourcecode.cpp.cpp; path = Sort.cpp; sourceTree = "<group>"; };
		1B4F50011CA8D748008210FF /* Sort.hpp */ = {isa = PBXFileReference; fileEncoding = 4; lastKnownFileType = sourcecode.cpp.h; path = Sort.hpp; sourceTree = "<group>"; };
		1B9183251CBB795100D7CF16 /* Stack.cpp */ = {isa = PBXFileReference; fileEncoding = 4; lastKnownFileType = sourcecode.cpp.cpp; path = Stack.cpp; sourceTree = "<group>"; };
		1B9183261CBB795100D7CF16 /* Stack.hpp */ = {isa = PBXFileReference; fileEncoding = 4; lastKnownFileType = sourcecode.cpp.h; path = Stack.hpp; sourceTree = "<group>"; };
		1BE230CE1CAA273A000FDC66 /* Util.cpp */ = {isa = PBXFileReference; fileEncoding = 4; lastKnownFileType = sourcecode.cpp.cpp; path = Util.cpp; sourceTree = "<group>"; };
		1BE230CF1CAA273A000FDC66 /* Util.hpp */ = {isa = PBXFileReference; fileEncoding = 4; lastKnownFileType = sourcecode.cpp.h; path = Util.hpp; sourceTree = "<group>"; };
		AB8D0D601D1C293500BF02A9 /* TreeNode.cpp */ = {isa = PBXFileReference; fileEncoding = 4; lastKnownFileType = sourcecode.cpp.cpp; path = TreeNode.cpp; sourceTree = "<group>"; };
		AB8D0D611D1C293500BF02A9 /* TreeNode.hpp */ = {isa = PBXFileReference; fileEncoding = 4; lastKnownFileType = sourcecode.cpp.h; path = TreeNode.hpp; sourceTree = "<group>"; };
/* End PBXFileReference section */

/* Begin PBXFrameworksBuildPhase section */
		1B4F4FF01CA8D621008210FF /* Frameworks */ = {
			isa = PBXFrameworksBuildPhase;
			buildActionMask = 2147483647;
			files = (
			);
			runOnlyForDeploymentPostprocessing = 0;
		};
/* End PBXFrameworksBuildPhase section */

/* Begin PBXGroup section */
		1B4F4FEA1CA8D621008210FF = {
			isa = PBXGroup;
			children = (
				1B4F4FF51CA8D621008210FF /* DataStructureLearn */,
				1B4F4FF41CA8D621008210FF /* Products */,
			);
			sourceTree = "<group>";
		};
		1B4F4FF41CA8D621008210FF /* Products */ = {
			isa = PBXGroup;
			children = (
				1B4F4FF31CA8D621008210FF /* DataStructureLearn */,
			);
			name = Products;
			sourceTree = "<group>";
		};
		1B4F4FF51CA8D621008210FF /* DataStructureLearn */ = {
			isa = PBXGroup;
			children = (
				1B4F4FF61CA8D622008210FF /* main.cpp */,
				AB8D0D601D1C293500BF02A9 /* TreeNode.cpp */,
				AB8D0D611D1C293500BF02A9 /* TreeNode.hpp */,
				1B4F4FFD1CA8D63A008210FF /* ListNode.cpp */,
				1B4F4FFE1CA8D63A008210FF /* ListNode.hpp */,
				1B4F50001CA8D748008210FF /* Sort.cpp */,
				1B4F50011CA8D748008210FF /* Sort.hpp */,
				1BE230CE1CAA273A000FDC66 /* Util.cpp */,
				1BE230CF1CAA273A000FDC66 /* Util.hpp */,
				1B9183251CBB795100D7CF16 /* Stack.cpp */,
				1B9183261CBB795100D7CF16 /* Stack.hpp */,
			);
			path = DataStructureLearn;
			sourceTree = "<group>";
		};
/* End PBXGroup section */

/* Begin PBXNativeTarget section */
		1B4F4FF21CA8D621008210FF /* DataStructureLearn */ = {
			isa = PBXNativeTarget;
			buildConfigurationList = 1B4F4FFA1CA8D622008210FF /* Build configuration list for PBXNativeTarget "DataStructureLearn" */;
			buildPhases = (
				1B4F4FEF1CA8D621008210FF /* Sources */,
				1B4F4FF01CA8D621008210FF /* Frameworks */,
				1B4F4FF11CA8D621008210FF /* CopyFiles */,
			);
			buildRules = (
			);
			dependencies = (
			);
			name = DataStructureLearn;
			productName = DataStructureLearn;
			productReference = 1B4F4FF31CA8D621008210FF /* DataStructureLearn */;
			productType = "com.apple.product-type.tool";
		};
/* End PBXNativeTarget section */

/* Begin PBXProject section */
		1B4F4FEB1CA8D621008210FF /* Project object */ = {
			isa = PBXProject;
			attributes = {
				LastUpgradeCheck = 0730;
				ORGANIZATIONNAME = "bmob-LT";
				TargetAttributes = {
					1B4F4FF21CA8D621008210FF = {
						CreatedOnToolsVersion = 7.3;
					};
				};
			};
			buildConfigurationList = 1B4F4FEE1CA8D621008210FF /* Build configuration list for PBXProject "DataStructureLearn" */;
			compatibilityVersion = "Xcode 3.2";
			developmentRegion = English;
			hasScannedForEncodings = 0;
			knownRegions = (
				en,
			);
			mainGroup = 1B4F4FEA1CA8D621008210FF;
			productRefGroup = 1B4F4FF41CA8D621008210FF /* Products */;
			projectDirPath = "";
			projectRoot = "";
			targets = (
				1B4F4FF21CA8D621008210FF /* DataStructureLearn */,
			);
		};
/* End PBXProject section */

/* Begin PBXSourcesBuildPhase section */
		1B4F4FEF1CA8D621008210FF /* Sources */ = {
			isa = PBXSourcesBuildPhase;
			buildActionMask = 2147483647;
			files = (
				1B9183271CBB795100D7CF16 /* Stack.cpp in Sources */,
				AB8D0D621D1C293500BF02A9 /* TreeNode.cpp in Sources */,
				1B4F50021CA8D748008210FF /* Sort.cpp in Sources */,
				1B4F4FF71CA8D622008210FF /* main.cpp in Sources */,
				1B4F4FFF1CA8D63A008210FF /* ListNode.cpp in Sources */,
				1BE230D01CAA273A000FDC66 /* Util.cpp in Sources */,
			);
			runOnlyForDeploymentPostprocessing = 0;
		};
/* End PBXSourcesBuildPhase section */

/* Begin XCBuildConfiguration section */
		1B4F4FF81CA8D622008210FF /* Debug */ = {
			isa = XCBuildConfiguration;
			buildSettings = {
				ALWAYS_SEARCH_USER_PATHS = NO;
				CLANG_ANALYZER_NONNULL = YES;
				CLANG_CXX_LANGUAGE_STANDARD = "gnu++0x";
				CLANG_CXX_LIBRARY = "libc++";
				CLANG_ENABLE_MODULES = YES;
				CLANG_ENABLE_OBJC_ARC = YES;
				CLANG_WARN_BOOL_CONVERSION = YES;
				CLANG_WARN_CONSTANT_CONVERSION = YES;
				CLANG_WARN_DIRECT_OBJC_ISA_USAGE = YES_ERROR;
				CLANG_WARN_EMPTY_BODY = YES;
				CLANG_WARN_ENUM_CONVERSION = YES;
				CLANG_WARN_INT_CONVERSION = YES;
				CLANG_WARN_OBJC_ROOT_CLASS = YES_ERROR;
				CLANG_WARN_UNREACHABLE_CODE = YES;
				CLANG_WARN__DUPLICATE_METHOD_MATCH = YES;
				CODE_SIGN_IDENTITY = "-";
				COPY_PHASE_STRIP = NO;
				DEBUG_INFORMATION_FORMAT = dwarf;
				ENABLE_STRICT_OBJC_MSGSEND = YES;
				ENABLE_TESTABILITY = YES;
				GCC_C_LANGUAGE_STANDARD = gnu99;
				GCC_DYNAMIC_NO_PIC = NO;
				GCC_NO_COMMON_BLOCKS = YES;
				GCC_OPTIMIZATION_LEVEL = 0;
				GCC_PREPROCESSOR_DEFINITIONS = (
					"DEBUG=1",
					"$(inherited)",
				);
				GCC_WARN_64_TO_32_BIT_CONVERSION = YES;
				GCC_WARN_ABOUT_RETURN_TYPE = YES_ERROR;
				GCC_WARN_UNDECLARED_SELECTOR = YES;
				GCC_WARN_UNINITIALIZED_AUTOS = YES_AGGRESSIVE;
				GCC_WARN_UNUSED_FUNCTION = YES;
				GCC_WARN_UNUSED_VARIABLE = YES;
				MACOSX_DEPLOYMENT_TARGET = 10.11;
				MTL_ENABLE_DEBUG_INFO = YES;
				ONLY_ACTIVE_ARCH = YES;
				SDKROOT = macosx;
			};
			name = Debug;
		};
		1B4F4FF91CA8D622008210FF /* Release */ = {
			isa = XCBuildConfiguration;
			buildSettings = {
				ALWAYS_SEARCH_USER_PATHS = NO;
				CLANG_ANALYZER_NONNULL = YES;
				CLANG_CXX_LANGUAGE_STANDARD = "gnu++0x";
				CLANG_CXX_LIBRARY = "libc++";
				CLANG_ENABLE_MODULES = YES;
				CLANG_ENABLE_OBJC_ARC = YES;
				CLANG_WARN_BOOL_CONVERSION = YES;
				CLANG_WARN_CONSTANT_CONVERSION = YES;
				CLANG_WARN_DIRECT_OBJC_ISA_USAGE = YES_ERROR;
				CLANG_WARN_EMPTY_BODY = YES;
				CLANG_WARN_ENUM_CONVERSION = YES;
				CLANG_WARN_INT_CONVERSION = YES;
				CLANG_WARN_OBJC_ROOT_CLASS = YES_ERROR;
				CLANG_WARN_UNREACHABLE_CODE = YES;
				CLANG_WARN__DUPLICATE_METHOD_MATCH = YES;
				CODE_SIGN_IDENTITY = "-";
				COPY_PHASE_STRIP = NO;
				DEBUG_INFORMATION_FORMAT = "dwarf-with-dsym";
				ENABLE_NS_ASSERTIONS = NO;
				ENABLE_STRICT_OBJC_MSGSEND = YES;
				GCC_C_LANGUAGE_STANDARD = gnu99;
				GCC_NO_COMMON_BLOCKS = YES;
				GCC_WARN_64_TO_32_BIT_CONVERSION = YES;
				GCC_WARN_ABOUT_RETURN_TYPE = YES_ERROR;
				GCC_WARN_UNDECLARED_SELECTOR = YES;
				GCC_WARN_UNINITIALIZED_AUTOS = YES_AGGRESSIVE;
				GCC_WARN_UNUSED_FUNCTION = YES;
				GCC_WARN_UNUSED_VARIABLE = YES;
				MACOSX_DEPLOYMENT_TARGET = 10.11;
				MTL_ENABLE_DEBUG_INFO = NO;
				SDKROOT = macosx;
			};
			name = Release;
		};
		1B4F4FFB1CA8D622008210FF /* Debug */ = {
			isa = XCBuildConfiguration;
			buildSettings = {
				PRODUCT_NAME = "$(TARGET_NAME)";
			};
			name = Debug;
		};
		1B4F4FFC1CA8D622008210FF /* Release */ = {
			isa = XCBuildConfiguration;
			buildSettings = {
				PRODUCT_NAME = "$(TARGET_NAME)";
			};
			name = Release;
		};
/* End XCBuildConfiguration section */

/* Begin XCConfigurationList section */
		1B4F4FEE1CA8D621008210FF /* Build configuration list for PBXProject "DataStructureLearn" */ = {
			isa = XCConfigurationList;
			buildConfigurations = (
				1B4F4FF81CA8D622008210FF /* Debug */,
				1B4F4FF91CA8D622008210FF /* Release */,
			);
			defaultConfigurationIsVisible = 0;
			defaultConfigurationName = Release;
		};
		1B4F4FFA1CA8D622008210FF /* Build configuration list for PBXNativeTarget "DataStructureLearn" */ = {
			isa = XCConfigurationList;
			buildConfigurations = (
				1B4F4FFB1CA8D622008210FF /* Debug */,
				1B4F4FFC1CA8D622008210FF /* Release */,
			);
			defaultConfigurationIsVisible = 0;
			defaultConfigurationName = Release;
		};
/* End XCConfigurationList section */
	};
	rootObject = 1B4F4FEB1CA8D621008210FF /* Project object */;
}
